
Microsoft Visual Studio Solution File, Format Version 12.00
# Visual Studio Version 16
VisualStudioVersion = 16.0.33214.272
MinimumVisualStudioVersion = 10.0.40219.1
Project("{FAE04EC0-301F-11D3-BF4B-00C04F79EFBC}") = "zd4_zykova.Android", "zd4_zykova.Android\zd4_zykova.Android.csproj", "{5BF1769C-2CCC-40E4-BC14-17552D145CC0}"
EndProject
Project("{FAE04EC0-301F-11D3-BF4B-00C04F79EFBC}") = "zd4_zykova", "zd4_zykova\zd4_zykova.csproj", "{5DD6C377-920B-4459-BD27-424E888A546E}"
EndProject
Global
	GlobalSection(SolutionConfigurationPlatforms) = preSolution
		Debug|Any CPU = Debug|Any CPU
		Release|Any CPU = Release|Any CPU
	EndGlobalSection
	GlobalSection(ProjectConfigurationPlatforms) = postSolution
		{5BF1769C-2CCC-40E4-BC14-17552D145CC0}.Debug|Any CPU.ActiveCfg = Debug|Any CPU
		{5BF1769C-2CCC-40E4-BC14-17552D145CC0}.Debug|Any CPU.Build.0 = Debug|Any CPU
		{5BF1769C-2CCC-40E4-BC14-17552D145CC0}.Debug|Any CPU.Deploy.0 = Debug|Any CPU
		{5BF1769C-2CCC-40E4-BC14-17552D145CC0}.Release|Any CPU.ActiveCfg = Release|Any CPU
		{5BF1769C-2CCC-40E4-BC14-17552D145CC0}.Release|Any CPU.Build.0 = Release|Any CPU
		{5BF1769C-2CCC-40E4-BC14-17552D145CC0}.Release|Any CPU.Deploy.0 = Release|Any CPU
		{5DD6C377-920B-4459-BD27-424E888A546E}.Debug|Any CPU.ActiveCfg = Debug|Any CPU
		{5DD6C377-920B-4459-BD27-424E888A546E}.Debug|Any CPU.Build.0 = Debug|Any CPU
		{5DD6C377-920B-4459-BD27-424E888A546E}.Debug|Any CPU.Deploy.0 = Debug|Any CPU
		{5DD6C377-920B-4459-BD27-424E888A546E}.Release|Any CPU.ActiveCfg = Release|Any CPU
		{5DD6C377-920B-4459-BD27-424E888A546E}.Release|Any CPU.Build.0 = Release|Any CPU
		{5DD6C377-920B-4459-BD27-424E888A546E}.Release|Any CPU.Deploy.0 = Release|Any CPU
	EndGlobalSection
	GlobalSection(SolutionProperties) = preSolution
		HideSolutionNode = FALSE
	EndGlobalSection
	GlobalSection(ExtensibilityGlobals) = postSolution
		SolutionGuid = {6552D656-DF6C-482F-B881-8C6AEC637584}
	EndGlobalSection
EndGlobal
